github.com/lbenicio/aboutme-v2-theme v0.0.0-20260623021920-19cd435ed093 h1:Uk3YwdI9qHeUeiCYOhs+ZYEINznUqo4iK4XAs3A9rNA=
github.com/lbenicio/aboutme-v2-theme v0.0.0-20260623021920-19cd435ed093/go.mod h1:xa/rG/eXx234xPAEaSi8MltuNMv0uw4fsB/cvS6UNDs=
github.com/lbenicio/aboutme-v2-theme v0.0.0-20260623224342-0f90f75bb446 h1:ra5JHeSYl9SU7PYnLR8QqvU4QWRQXRUiJLpJ2FZ3G64=
github.com/lbenicio/aboutme-v2-theme v0.0.0-20260623224342-0f90f75bb446/go.mod h1:ANSZVZjP7KlM9Q1xm2eqXg9ZxPvatpCmHAjwBvPPO4g=
